
Microsoft Visual Studio Solution File, Format Version 12.00
# Visual Studio Version 17
VisualStudioVersion = 17.0.31903.59
MinimumVisualStudioVersion = 10.0.40219.1
Project("{FAE04EC0-301F-11D3-BF4B-00C04F79EFBC}") = "PrimeService", "PrimeService\PrimeService.csproj", "{7645823D-3D2E-4DC0-9B12-A1E1A4A2F22C}"
EndProject
Project("{FAE04EC0-301F-11D3-BF4B-00C04F79EFBC}") = "PrimeService.Tests", "PrimeService.Tests\PrimeService.Tests.csproj", "{A9171627-6052-4FBE-8227-2E639E7A9F5B}"
EndProject
Global
	GlobalSection(SolutionConfigurationPlatforms) = preSolution
		Debug|Any CPU = Debug|Any CPU
		Release|Any CPU = Release|Any CPU
	EndGlobalSection
	GlobalSection(SolutionProperties) = preSolution
		HideSolutionNode = FALSE
	EndGlobalSection
	GlobalSection(ProjectConfigurationPlatforms) = postSolution
		{7645823D-3D2E-4DC0-9B12-A1E1A4A2F22C}.Debug|Any CPU.ActiveCfg = Debug|Any CPU
		{7645823D-3D2E-4DC0-9B12-A1E1A4A2F22C}.Debug|Any CPU.Build.0 = Debug|Any CPU
		{7645823D-3D2E-4DC0-9B12-A1E1A4A2F22C}.Release|Any CPU.ActiveCfg = Release|Any CPU
		{7645823D-3D2E-4DC0-9B12-A1E1A4A2F22C}.Release|Any CPU.Build.0 = Release|Any CPU
		{A9171627-6052-4FBE-8227-2E639E7A9F5B}.Debug|Any CPU.ActiveCfg = Debug|Any CPU
		{A9171627-6052-4FBE-8227-2E639E7A9F5B}.Debug|Any CPU.Build.0 = Debug|Any CPU
		{A9171627-6052-4FBE-8227-2E639E7A9F5B}.Release|Any CPU.ActiveCfg = Release|Any CPU
		{A9171627-6052-4FBE-8227-2E639E7A9F5B}.Release|Any CPU.Build.0 = Release|Any CPU
	EndGlobalSection
EndGlobal
